<?xml version="1.0" encoding="utf-8"?>
<Project ToolsVersion="4.0" xmlns="http://schemas.microsoft.com/developer/msbuild/2003">
  <ItemGroup>
    <Filter Include="Resource Files">
      <UniqueIdentifier>{67DA6AB6-F800-4c08-8B7A-83BB121AAD01}</UniqueIdentifier>
      <Extensions>rc;ico;cur;bmp;dlg;rc2;rct;bin;rgs;gif;jpg;jpeg;jpe;resx;tiff;tif;png;wav;mfcribbon-ms</Extensions>
    </Filter>
    <Filter Include="Component Files">
      <UniqueIdentifier>{4FC737F1-C7A5-4376-A066-2A32D752A2FF}</UniqueIdentifier>
      <Extensions>cpp;c;cc;cxx;c++;cppm;ixx;def;odl;idl;hpj;bat;asm;asmx</Extensions>
    </Filter>
    <Filter Include="Command Files">
      <UniqueIdentifier>{93995380-89BD-4b04-88EB-625FBE52EBFB}</UniqueIdentifier>
      <Extensions>h;hh;hpp;hxx;h++;hm;inl;inc;ipp;xsd</Extensions>
    </Filter>
    <Filter Include="Event Files">
      <UniqueIdentifier>{07c37465-f4e3-41ad-9d8a-57956b726330}</UniqueIdentifier>
    </Filter>
    <Filter Include="State Files">
      <UniqueIdentifier>{1e7c11ba-bdce-4910-88db-aaa772468ec2}</UniqueIdentifier>
    </Filter>
    <Filter Include="Loader Files">
      <UniqueIdentifier>{f84a22b8-3263-43f4-9e66-1b4d7956069a}</UniqueIdentifier>
    </Filter>
    <Filter Include="Loader Files\SceneLoaders">
      <UniqueIdentifier>{ca48447c-79c7-47e4-a70a-47befd88c768}</UniqueIdentifier>
    </Filter>
    <Filter Include="Manager Files">
      <UniqueIdentifier>{88495a15-f914-4977-b283-1131beb3ae11}</UniqueIdentifier>
    </Filter>
    <Filter Include="Component Files\EntityComponents">
      <UniqueIdentifier>{c5b60a5f-ff1e-4a8b-9c9d-07cc495da9de}</UniqueIdentifier>
    </Filter>
    <Filter Include="Component Files\HUDComponents">
      <UniqueIdentifier>{406c4111-d1fa-466b-a46e-875b575f1d57}</UniqueIdentifier>
    </Filter>
    <Filter Include="State Files\PookaStates">
      <UniqueIdentifier>{1fede1d5-5e1f-4685-a20e-6b29c66f1f61}</UniqueIdentifier>
    </Filter>
    <Filter Include="Component Files\WorldComponents">
      <UniqueIdentifier>{9dfb7229-89aa-4948-9edf-4b5975c1a4da}</UniqueIdentifier>
    </Filter>
    <Filter Include="State Files\PlayerStates">
      <UniqueIdentifier>{12a28718-f94b-42f7-af0b-52d22e814774}</UniqueIdentifier>
    </Filter>
  </ItemGroup>
  <ItemGroup>
    <ClCompile Include="main.cpp" />
    <ClCompile Include="DemoScene.cpp">
      <Filter>Loader Files\SceneLoaders</Filter>
    </ClCompile>
    <ClCompile Include="LevelFileLoader.cpp">
      <Filter>Loader Files</Filter>
    </ClCompile>
    <ClCompile Include="GameScene.cpp">
      <Filter>Loader Files\SceneLoaders</Filter>
    </ClCompile>
    <ClCompile Include="GameManager.cpp">
      <Filter>Manager Files</Filter>
    </ClCompile>
    <ClCompile Include="PlayerComponent.cpp">
      <Filter>Component Files\EntityComponents</Filter>
    </ClCompile>
    <ClCompile Include="PookaComponent.cpp">
      <Filter>Component Files\EntityComponents</Filter>
    </ClCompile>
    <ClCompile Include="LivesComponent.cpp">
      <Filter>Component Files\HUDComponents</Filter>
    </ClCompile>
    <ClCompile Include="ScoreComponent.cpp">
      <Filter>Component Files\HUDComponents</Filter>
    </ClCompile>
    <ClCompile Include="PookaGhostState.cpp">
      <Filter>State Files\PookaStates</Filter>
    </ClCompile>
    <ClCompile Include="PookaWanderState.cpp">
      <Filter>State Files\PookaStates</Filter>
    </ClCompile>
    <ClCompile Include="FygarComponent.cpp">
      <Filter>Component Files\EntityComponents</Filter>
    </ClCompile>
    <ClCompile Include="GridComponent.cpp">
      <Filter>Component Files\WorldComponents</Filter>
    </ClCompile>
    <ClCompile Include="PlayerWalkingState.cpp">
      <Filter>State Files\PlayerStates</Filter>
    </ClCompile>
    <ClCompile Include="GridMoveCommand.cpp">
      <Filter>Command Files</Filter>
    </ClCompile>
    <ClCompile Include="MenuScene.cpp">
      <Filter>Loader Files\SceneLoaders</Filter>
    </ClCompile>
  </ItemGroup>
  <ItemGroup>
    <ClInclude Include="Events.h">
      <Filter>Event Files</Filter>
    </ClInclude>
    <ClInclude Include="State.h">
      <Filter>State Files</Filter>
    </ClInclude>
    <ClInclude Include="DemoScene.h">
      <Filter>Loader Files\SceneLoaders</Filter>
    </ClInclude>
    <ClInclude Include="LevelFileLoader.h">
      <Filter>Loader Files</Filter>
    </ClInclude>
    <ClInclude Include="GameScene.h">
      <Filter>Loader Files\SceneLoaders</Filter>
    </ClInclude>
    <ClInclude Include="GameManager.h">
      <Filter>Manager Files</Filter>
    </ClInclude>
    <ClInclude Include="PlayerComponent.h">
      <Filter>Component Files\EntityComponents</Filter>
    </ClInclude>
    <ClInclude Include="PookaComponent.h">
      <Filter>Component Files\EntityComponents</Filter>
    </ClInclude>
    <ClInclude Include="LivesComponent.h">
      <Filter>Component Files\HUDComponents</Filter>
    </ClInclude>
    <ClInclude Include="ScoreComponent.h">
      <Filter>Component Files\HUDComponents</Filter>
    </ClInclude>
    <ClInclude Include="PookaGhostState.h">
      <Filter>State Files\PookaStates</Filter>
    </ClInclude>
    <ClInclude Include="PookaWanderState.h">
      <Filter>State Files\PookaStates</Filter>
    </ClInclude>
    <ClInclude Include="FygarComponent.h">
      <Filter>Component Files\EntityComponents</Filter>
    </ClInclude>
    <ClInclude Include="GridComponent.h">
      <Filter>Component Files\WorldComponents</Filter>
    </ClInclude>
    <ClInclude Include="PlayerWalkingState.h">
      <Filter>State Files\PlayerStates</Filter>
    </ClInclude>
    <ClInclude Include="GridMoveCommand.h">
      <Filter>Command Files</Filter>
    </ClInclude>
    <ClInclude Include="PlayerState.h">
      <Filter>State Files\PlayerStates</Filter>
    </ClInclude>
    <ClInclude Include="MenuScene.h">
      <Filter>Loader Files\SceneLoaders</Filter>
    </ClInclude>
  </ItemGroup>
</Project>