<?xml version="1.0" encoding="utf-8"?>
<Project ToolsVersion="4.0" xmlns="http://schemas.microsoft.com/developer/msbuild/2003">
  <ItemGroup>
    <Filter Include="Resource Files">
      <UniqueIdentifier>{67DA6AB6-F800-4c08-8B7A-83BB121AAD01}</UniqueIdentifier>
      <Extensions>rc;ico;cur;bmp;dlg;rc2;rct;bin;rgs;gif;jpg;jpeg;jpe;resx;tiff;tif;png;wav;mfcribbon-ms</Extensions>
    </Filter>
    <Filter Include="Engine Files">
      <UniqueIdentifier>{93995380-89BD-4b04-88EB-625FBE52EBFB}</UniqueIdentifier>
      <Extensions>h;hh;hpp;hxx;hm;inl;inc;xsd</Extensions>
    </Filter>
    <Filter Include="Component Files">
      <UniqueIdentifier>{4FC737F1-C7A5-4376-A066-2A32D752A2FF}</UniqueIdentifier>
      <Extensions>cpp;c;cc;cxx;def;odl;idl;hpj;bat;asm;asmx</Extensions>
    </Filter>
    <Filter Include="Component Files\BaseComponents">
      <UniqueIdentifier>{cb8a6470-3633-4e66-97ab-37b0c17812d9}</UniqueIdentifier>
    </Filter>
    <Filter Include="imgui">
      <UniqueIdentifier>{23cacd3d-f617-4680-bc66-224d1c0a38e2}</UniqueIdentifier>
    </Filter>
    <Filter Include="Command Files">
      <UniqueIdentifier>{ca5825a5-5103-47e4-8fa0-0eb06f62875b}</UniqueIdentifier>
    </Filter>
    <Filter Include="Command Files\BaseCommands">
      <UniqueIdentifier>{05a63f6a-c503-49a7-8a5a-42fb57c25f13}</UniqueIdentifier>
    </Filter>
    <Filter Include="Service Files">
      <UniqueIdentifier>{ff10c5d1-a637-4c72-a79f-b3fac0c50877}</UniqueIdentifier>
    </Filter>
    <Filter Include="Manager Files">
      <UniqueIdentifier>{dd1c14c7-b82a-4af2-bbef-fdc71f45d794}</UniqueIdentifier>
    </Filter>
    <Filter Include="Service Files\SoundServices">
      <UniqueIdentifier>{717a6b0b-4108-48cb-a307-78db5f69f690}</UniqueIdentifier>
    </Filter>
    <Filter Include="Data Files">
      <UniqueIdentifier>{4099d017-8dae-483c-bf0d-15d3af9ce5d0}</UniqueIdentifier>
    </Filter>
  </ItemGroup>
  <ItemGroup>
    <ClInclude Include="Singleton.h">
      <Filter>Engine Files</Filter>
    </ClInclude>
    <ClInclude Include="Scene.h">
      <Filter>Engine Files</Filter>
    </ClInclude>
    <ClInclude Include="InputManager.h">
      <Filter>Manager Files</Filter>
    </ClInclude>
    <ClInclude Include="ResourceManager.h">
      <Filter>Manager Files</Filter>
    </ClInclude>
    <ClInclude Include="SceneManager.h">
      <Filter>Manager Files</Filter>
    </ClInclude>
    <ClInclude Include="Engine.h">
      <Filter>Engine Files</Filter>
    </ClInclude>
    <ClInclude Include="Renderer.h">
      <Filter>Engine Files</Filter>
    </ClInclude>
    <ClInclude Include="Font.h">
      <Filter>Resource Files</Filter>
    </ClInclude>
    <ClInclude Include="Texture2D.h">
      <Filter>Resource Files</Filter>
    </ClInclude>
    <ClInclude Include="Transform.h">
      <Filter>Component Files</Filter>
    </ClInclude>
    <ClInclude Include="TextComponent.h">
      <Filter>Component Files</Filter>
    </ClInclude>
    <ClInclude Include="SGAMTime.h">
      <Filter>Engine Files</Filter>
    </ClInclude>
    <ClInclude Include="TextureComponent.h">
      <Filter>Component Files</Filter>
    </ClInclude>
    <ClInclude Include="FPSComponent.h">
      <Filter>Component Files</Filter>
    </ClInclude>
    <ClInclude Include="Component.h">
      <Filter>Component Files\BaseComponents</Filter>
    </ClInclude>
    <ClInclude Include="GameObject.h">
      <Filter>Engine Files</Filter>
    </ClInclude>
    <ClInclude Include="RenderableComponent.h">
      <Filter>Component Files\BaseComponents</Filter>
    </ClInclude>
    <ClInclude Include="FunctionalComponent.h">
      <Filter>Component Files\BaseComponents</Filter>
    </ClInclude>
    <ClInclude Include="RotaterComponent.h">
      <Filter>Component Files</Filter>
    </ClInclude>
    <ClInclude Include="..\3rdParty\imgui-1.90.4\imconfig.h">
      <Filter>imgui</Filter>
    </ClInclude>
    <ClInclude Include="..\3rdParty\imgui-1.90.4\imgui.h">
      <Filter>imgui</Filter>
    </ClInclude>
    <ClInclude Include="..\3rdParty\imgui-1.90.4\imgui_internal.h">
      <Filter>imgui</Filter>
    </ClInclude>
    <ClInclude Include="..\3rdParty\imgui-1.90.4\imstb_rectpack.h">
      <Filter>imgui</Filter>
    </ClInclude>
    <ClInclude Include="..\3rdParty\imgui-1.90.4\imstb_textedit.h">
      <Filter>imgui</Filter>
    </ClInclude>
    <ClInclude Include="..\3rdParty\imgui-1.90.4\imstb_truetype.h">
      <Filter>imgui</Filter>
    </ClInclude>
    <ClInclude Include="..\3rdParty\imgui-1.90.4\backends\imgui_impl_opengl3.h">
      <Filter>imgui</Filter>
    </ClInclude>
    <ClInclude Include="..\3rdParty\imgui-1.90.4\backends\imgui_impl_sdl2.h">
      <Filter>imgui</Filter>
    </ClInclude>
    <ClInclude Include="..\3rdParty\imgui-1.90.4\implot.h">
      <Filter>imgui</Filter>
    </ClInclude>
    <ClInclude Include="..\3rdParty\imgui-1.90.4\implot_internal.h">
      <Filter>imgui</Filter>
    </ClInclude>
    <ClInclude Include="Controller.h">
      <Filter>Engine Files</Filter>
    </ClInclude>
    <ClInclude Include="Command.h">
      <Filter>Command Files\BaseCommands</Filter>
    </ClInclude>
    <ClInclude Include="GameObjectCommand.h">
      <Filter>Command Files\BaseCommands</Filter>
    </ClInclude>
    <ClInclude Include="MoveCommand.h">
      <Filter>Command Files</Filter>
    </ClInclude>
    <ClInclude Include="MoveComponent.h">
      <Filter>Component Files</Filter>
    </ClInclude>
    <ClInclude Include="Observer.h">
      <Filter>Engine Files</Filter>
    </ClInclude>
    <ClInclude Include="Subject.h">
      <Filter>Engine Files</Filter>
    </ClInclude>
    <ClInclude Include="FunctionCommand.h">
      <Filter>Command Files</Filter>
    </ClInclude>
    <ClInclude Include="ServiceLocator.h">
      <Filter>Service Files</Filter>
    </ClInclude>
    <ClInclude Include="CyclicBuffer.h">
      <Filter>Engine Files</Filter>
    </ClInclude>
    <ClInclude Include="SDLSoundSystem.h">
      <Filter>Service Files\SoundServices</Filter>
    </ClInclude>
    <ClInclude Include="SoundSystem.h">
      <Filter>Service Files\SoundServices</Filter>
    </ClInclude>
    <ClInclude Include="DebugSoundSystem.h">
      <Filter>Service Files\SoundServices</Filter>
    </ClInclude>
    <ClInclude Include="PhysicsManager.h">
      <Filter>Manager Files</Filter>
    </ClInclude>
    <ClInclude Include="Event.h">
      <Filter>Data Files</Filter>
    </ClInclude>
    <ClInclude Include="CollisionData.h">
      <Filter>Data Files</Filter>
    </ClInclude>
    <ClInclude Include="BoxCollider.h">
      <Filter>Component Files</Filter>
    </ClInclude>
  </ItemGroup>
  <ItemGroup>
    <ClCompile Include="Transform.cpp">
      <Filter>Component Files</Filter>
    </ClCompile>
    <ClCompile Include="TextComponent.cpp">
      <Filter>Component Files</Filter>
    </ClCompile>
    <ClCompile Include="InputManager.cpp">
      <Filter>Manager Files</Filter>
    </ClCompile>
    <ClCompile Include="ResourceManager.cpp">
      <Filter>Manager Files</Filter>
    </ClCompile>
    <ClCompile Include="SceneManager.cpp">
      <Filter>Manager Files</Filter>
    </ClCompile>
    <ClCompile Include="Engine.cpp">
      <Filter>Engine Files</Filter>
    </ClCompile>
    <ClCompile Include="Renderer.cpp">
      <Filter>Engine Files</Filter>
    </ClCompile>
    <ClCompile Include="Font.cpp">
      <Filter>Resource Files</Filter>
    </ClCompile>
    <ClCompile Include="Texture2D.cpp">
      <Filter>Resource Files</Filter>
    </ClCompile>
    <ClCompile Include="Scene.cpp">
      <Filter>Engine Files</Filter>
    </ClCompile>
    <ClCompile Include="SGAMTime.cpp">
      <Filter>Engine Files</Filter>
    </ClCompile>
    <ClCompile Include="TextureComponent.cpp">
      <Filter>Component Files</Filter>
    </ClCompile>
    <ClCompile Include="FPSComponent.cpp">
      <Filter>Component Files</Filter>
    </ClCompile>
    <ClCompile Include="Component.cpp">
      <Filter>Component Files\BaseComponents</Filter>
    </ClCompile>
    <ClCompile Include="GameObject.cpp">
      <Filter>Engine Files</Filter>
    </ClCompile>
    <ClCompile Include="RenderableComponent.cpp">
      <Filter>Component Files\BaseComponents</Filter>
    </ClCompile>
    <ClCompile Include="FunctionalComponent.cpp">
      <Filter>Component Files\BaseComponents</Filter>
    </ClCompile>
    <ClCompile Include="RotaterComponent.cpp">
      <Filter>Component Files</Filter>
    </ClCompile>
    <ClCompile Include="..\3rdParty\imgui-1.90.4\imgui.cpp">
      <Filter>imgui</Filter>
    </ClCompile>
    <ClCompile Include="..\3rdParty\imgui-1.90.4\imgui_demo.cpp">
      <Filter>imgui</Filter>
    </ClCompile>
    <ClCompile Include="..\3rdParty\imgui-1.90.4\imgui_draw.cpp">
      <Filter>imgui</Filter>
    </ClCompile>
    <ClCompile Include="..\3rdParty\imgui-1.90.4\imgui_tables.cpp">
      <Filter>imgui</Filter>
    </ClCompile>
    <ClCompile Include="..\3rdParty\imgui-1.90.4\imgui_widgets.cpp">
      <Filter>imgui</Filter>
    </ClCompile>
    <ClCompile Include="..\3rdParty\imgui-1.90.4\backends\imgui_impl_opengl3.cpp">
      <Filter>imgui</Filter>
    </ClCompile>
    <ClCompile Include="..\3rdParty\imgui-1.90.4\backends\imgui_impl_sdl2.cpp">
      <Filter>imgui</Filter>
    </ClCompile>
    <ClCompile Include="..\3rdParty\imgui-1.90.4\implot.cpp">
      <Filter>imgui</Filter>
    </ClCompile>
    <ClCompile Include="..\3rdParty\imgui-1.90.4\implot_items.cpp">
      <Filter>imgui</Filter>
    </ClCompile>
    <ClCompile Include="Controller.cpp">
      <Filter>Engine Files</Filter>
    </ClCompile>
    <ClCompile Include="MoveCommand.cpp">
      <Filter>Command Files</Filter>
    </ClCompile>
    <ClCompile Include="MoveComponent.cpp">
      <Filter>Component Files</Filter>
    </ClCompile>
    <ClCompile Include="SDLSoundSystem.cpp">
      <Filter>Service Files\SoundServices</Filter>
    </ClCompile>
    <ClCompile Include="ServiceLocator.cpp">
      <Filter>Service Files</Filter>
    </ClCompile>
    <ClCompile Include="DebugSoundSystem.cpp">
      <Filter>Service Files\SoundServices</Filter>
    </ClCompile>
    <ClCompile Include="PhysicsManager.cpp">
      <Filter>Manager Files</Filter>
    </ClCompile>
    <ClCompile Include="BoxCollider.cpp">
      <Filter>Component Files</Filter>
    </ClCompile>
  </ItemGroup>
</Project>